github.com/itsabgr/go-handy v0.0.0-20220317120815-985cf1187f8f h1:MfDWqCD/+FldFKQch3Z5p4Qr2mAPpQENOfWlf6SUB6k=
github.com/itsabgr/go-handy v0.0.0-20220317120815-985cf1187f8f/go.mod h1:7zELJmD1b97MzyBPpwswBKMr/NP2XRry6fAAKD8wGpo=
github.com/itsabgr/go-set v0.0.0-20220424112624-95f6538687a0 h1:r2P6nKHTtlo1VYnMatS7yE2sNYEY+f+4UJR4MZnQOVw=
github.com/itsabgr/go-set v0.0.0-20220424112624-95f6538687a0/go.mod h1:3R93S1NIG0GjoKM0c5jaBmUW7p26fV8LYO801JL4UnY=
